{
    "version": 3,
    "terraform_version": "0.11.8",
    "serial": 21,
    "lineage": "275a5302-d984-0da6-6e26-baa47d920464",
    "modules": [
        {
            "path": [
                "root"
            ],
            "outputs": {
                "nats_server_name": {
                    "sensitive": false,
                    "type": "string",
                    "value": "gnatsd01:4222"
                }
            },
            "resources": {
                "azurerm_network_interface.nic": {
                    "type": "azurerm_network_interface",
                    "depends_on": [
                        "azurerm_network_security_group.gnatsd_sg",
                        "azurerm_public_ip.gnatsd_public_ip",
                        "azurerm_resource_group.test_rg",
                        "azurerm_subnet.internal_subnet"
                    ],
                    "primary": {
                        "id": "/subscriptions/407d2676-885d-4f88-97df-f20560776338/resourceGroups/uba-notify-test-rg/providers/Microsoft.Network/networkInterfaces/uba-nic",
                        "attributes": {
                            "applied_dns_servers.#": "0",
                            "dns_servers.#": "0",
                            "enable_accelerated_networking": "false",
                            "enable_ip_forwarding": "false",
                            "id": "/subscriptions/407d2676-885d-4f88-97df-f20560776338/resourceGroups/uba-notify-test-rg/providers/Microsoft.Network/networkInterfaces/uba-nic",
                            "internal_dns_name_label": "",
                            "internal_fqdn": "",
                            "ip_configuration.#": "1",
                            "ip_configuration.0.application_gateway_backend_address_pools_ids.#": "0",
                            "ip_configuration.0.application_security_group_ids.#": "0",
                            "ip_configuration.0.load_balancer_backend_address_pools_ids.#": "0",
                            "ip_configuration.0.load_balancer_inbound_nat_rules_ids.#": "0",
                            "ip_configuration.0.name": "gnatsd_ip_config",
                            "ip_configuration.0.primary": "true",
                            "ip_configuration.0.private_ip_address": "",
                            "ip_configuration.0.private_ip_address_allocation": "dynamic",
                            "ip_configuration.0.public_ip_address_id": "/subscriptions/407d2676-885d-4f88-97df-f20560776338/resourceGroups/uba-notify-test-rg/providers/Microsoft.Network/publicIPAddresses/gnatsd-public-ip",
                            "ip_configuration.0.subnet_id": "/subscriptions/407d2676-885d-4f88-97df-f20560776338/resourceGroups/uba-notify-test-rg/providers/Microsoft.Network/virtualNetworks/uba-network/subnets/uba-internal",
                            "location": "uksouth",
                            "mac_address": "",
                            "name": "uba-nic",
                            "network_security_group_id": "/subscriptions/407d2676-885d-4f88-97df-f20560776338/resourceGroups/uba-notify-test-rg/providers/Microsoft.Network/networkSecurityGroups/uba-gnatsd-sg",
                            "private_ip_address": "10.0.2.4",
                            "private_ip_addresses.#": "1",
                            "private_ip_addresses.0": "10.0.2.4",
                            "resource_group_name": "uba-notify-test-rg",
                            "tags.%": "0"
                        },
                        "meta": {},
                        "tainted": false
                    },
                    "deposed": [],
                    "provider": "provider.azurerm"
                },
                "azurerm_network_security_group.gnatsd_sg": {
                    "type": "azurerm_network_security_group",
                    "depends_on": [
                        "azurerm_resource_group.test_rg"
                    ],
                    "primary": {
                        "id": "/subscriptions/407d2676-885d-4f88-97df-f20560776338/resourceGroups/uba-notify-test-rg/providers/Microsoft.Network/networkSecurityGroups/uba-gnatsd-sg",
                        "attributes": {
                            "id": "/subscriptions/407d2676-885d-4f88-97df-f20560776338/resourceGroups/uba-notify-test-rg/providers/Microsoft.Network/networkSecurityGroups/uba-gnatsd-sg",
                            "location": "uksouth",
                            "name": "uba-gnatsd-sg",
                            "resource_group_name": "uba-notify-test-rg",
                            "security_rule.#": "2",
                            "security_rule.1055992357.access": "Allow",
                            "security_rule.1055992357.description": "",
                            "security_rule.1055992357.destination_address_prefix": "*",
                            "security_rule.1055992357.destination_address_prefixes.#": "0",
                            "security_rule.1055992357.destination_application_security_group_ids.#": "0",
                            "security_rule.1055992357.destination_port_range": "22",
                            "security_rule.1055992357.destination_port_ranges.#": "0",
                            "security_rule.1055992357.direction": "Inbound",
                            "security_rule.1055992357.name": "allow_ssh_connections",
                            "security_rule.1055992357.priority": "102",
                            "security_rule.1055992357.protocol": "Tcp",
                            "security_rule.1055992357.source_address_prefix": "*",
                            "security_rule.1055992357.source_address_prefixes.#": "0",
                            "security_rule.1055992357.source_application_security_group_ids.#": "0",
                            "security_rule.1055992357.source_port_range": "*",
                            "security_rule.1055992357.source_port_ranges.#": "0",
                            "security_rule.2847976686.access": "Allow",
                            "security_rule.2847976686.description": "",
                            "security_rule.2847976686.destination_address_prefix": "*",
                            "security_rule.2847976686.destination_address_prefixes.#": "0",
                            "security_rule.2847976686.destination_application_security_group_ids.#": "0",
                            "security_rule.2847976686.destination_port_range": "",
                            "security_rule.2847976686.destination_port_ranges.#": "4",
                            "security_rule.2847976686.destination_port_ranges.1548059877": "4222",
                            "security_rule.2847976686.destination_port_ranges.169812835": "4242",
                            "security_rule.2847976686.destination_port_ranges.378747741": "8222",
                            "security_rule.2847976686.destination_port_ranges.4132195438": "6222",
                            "security_rule.2847976686.direction": "Inbound",
                            "security_rule.2847976686.name": "allow_gnatsd_connections",
                            "security_rule.2847976686.priority": "101",
                            "security_rule.2847976686.protocol": "Tcp",
                            "security_rule.2847976686.source_address_prefix": "*",
                            "security_rule.2847976686.source_address_prefixes.#": "0",
                            "security_rule.2847976686.source_application_security_group_ids.#": "0",
                            "security_rule.2847976686.source_port_range": "*",
                            "security_rule.2847976686.source_port_ranges.#": "0",
                            "tags.%": "1",
                            "tags.environment": "test"
                        },
                        "meta": {},
                        "tainted": false
                    },
                    "deposed": [],
                    "provider": "provider.azurerm"
                },
                "azurerm_public_ip.gnatsd_public_ip": {
                    "type": "azurerm_public_ip",
                    "depends_on": [
                        "azurerm_resource_group.test_rg"
                    ],
                    "primary": {
                        "id": "/subscriptions/407d2676-885d-4f88-97df-f20560776338/resourceGroups/uba-notify-test-rg/providers/Microsoft.Network/publicIPAddresses/gnatsd-public-ip",
                        "attributes": {
                            "domain_name_label": "gnatsd01",
                            "fqdn": "gnatsd01.uksouth.cloudapp.azure.com",
                            "id": "/subscriptions/407d2676-885d-4f88-97df-f20560776338/resourceGroups/uba-notify-test-rg/providers/Microsoft.Network/publicIPAddresses/gnatsd-public-ip",
                            "idle_timeout_in_minutes": "4",
                            "ip_address": "",
                            "ip_version": "ipv4",
                            "location": "uksouth",
                            "name": "gnatsd-public-ip",
                            "public_ip_address_allocation": "dynamic",
                            "resource_group_name": "uba-notify-test-rg",
                            "sku": "Basic",
                            "tags.%": "1",
                            "tags.environment": "test",
                            "zones.#": "0"
                        },
                        "meta": {},
                        "tainted": false
                    },
                    "deposed": [],
                    "provider": "provider.azurerm"
                },
                "azurerm_resource_group.test_rg": {
                    "type": "azurerm_resource_group",
                    "depends_on": [],
                    "primary": {
                        "id": "/subscriptions/407d2676-885d-4f88-97df-f20560776338/resourceGroups/uba-notify-test-rg",
                        "attributes": {
                            "id": "/subscriptions/407d2676-885d-4f88-97df-f20560776338/resourceGroups/uba-notify-test-rg",
                            "location": "uksouth",
                            "name": "uba-notify-test-rg",
                            "tags.%": "0"
                        },
                        "meta": {},
                        "tainted": false
                    },
                    "deposed": [],
                    "provider": "provider.azurerm"
                },
                "azurerm_subnet.internal_subnet": {
                    "type": "azurerm_subnet",
                    "depends_on": [
                        "azurerm_resource_group.test_rg",
                        "azurerm_virtual_network.vnet"
                    ],
                    "primary": {
                        "id": "/subscriptions/407d2676-885d-4f88-97df-f20560776338/resourceGroups/uba-notify-test-rg/providers/Microsoft.Network/virtualNetworks/uba-network/subnets/uba-internal",
                        "attributes": {
                            "address_prefix": "10.0.2.0/24",
                            "id": "/subscriptions/407d2676-885d-4f88-97df-f20560776338/resourceGroups/uba-notify-test-rg/providers/Microsoft.Network/virtualNetworks/uba-network/subnets/uba-internal",
                            "ip_configurations.#": "0",
                            "name": "uba-internal",
                            "resource_group_name": "uba-notify-test-rg",
                            "route_table_id": "",
                            "service_endpoints.#": "0",
                            "virtual_network_name": "uba-network"
                        },
                        "meta": {},
                        "tainted": false
                    },
                    "deposed": [],
                    "provider": "provider.azurerm"
                },
                "azurerm_virtual_machine.gnatsd_01": {
                    "type": "azurerm_virtual_machine",
                    "depends_on": [
                        "azurerm_network_interface.nic",
                        "azurerm_resource_group.test_rg"
                    ],
                    "primary": {
                        "id": "/subscriptions/407d2676-885d-4f88-97df-f20560776338/resourceGroups/uba-notify-test-rg/providers/Microsoft.Compute/virtualMachines/uba-gnatsd_cluster-0",
                        "attributes": {
                            "delete_data_disks_on_termination": "true",
                            "delete_os_disk_on_termination": "true",
                            "id": "/subscriptions/407d2676-885d-4f88-97df-f20560776338/resourceGroups/uba-notify-test-rg/providers/Microsoft.Compute/virtualMachines/uba-gnatsd_cluster-0",
                            "identity.#": "0",
                            "location": "uksouth",
                            "name": "uba-gnatsd_cluster-0",
                            "network_interface_ids.#": "1",
                            "network_interface_ids.0": "/subscriptions/407d2676-885d-4f88-97df-f20560776338/resourceGroups/uba-notify-test-rg/providers/Microsoft.Network/networkInterfaces/uba-nic",
                            "os_profile.#": "1",
                            "os_profile.179106325.admin_password": "",
                            "os_profile.179106325.admin_username": "gnatsd01",
                            "os_profile.179106325.computer_name": "gnatsd-01",
                            "os_profile.179106325.custom_data": "",
                            "os_profile_linux_config.#": "1",
                            "os_profile_linux_config.69840937.disable_password_authentication": "true",
                            "os_profile_linux_config.69840937.ssh_keys.#": "1",
                            "os_profile_linux_config.69840937.ssh_keys.0.key_data": "ssh-rsa AAAAB3NzaC1yc2EAAAADAQABAAABAQCvxUqx8zB+as37lHrJK6nKu91IHdTgCGGknteeqsqbhfv5RuY2HsTHYEHPi8HUx97rdvSOLC8y8u1dxIMCgYAsGiacp0oDG4EZvWH5xPIn5/03Bv5BB3s9OCMf3yBWUTOW06Zhk8mZjsGArh5r/KL69ApBouT2ZUfkq3+RgwCMX/IuSGHZIzIZsWkbJD+kdaFowN5LeZDxYyfgRORdyo5KpnCkDAAcivklfrtxFAt+sJ2RmoiPAjQ8c7Mu01amaYtebTi/Nq2O5eaNdxCOIhS/psMFKzY2KgnLXGgsjoW56jiZbQJPlq802Qjle9EyseE3dRvxjIrJsp9sGZ3ei1N5",
                            "os_profile_linux_config.69840937.ssh_keys.0.path": "/home/gnatsd01/.ssh/authorized_keys",
                            "os_profile_secrets.#": "0",
                            "resource_group_name": "uba-notify-test-rg",
                            "storage_data_disk.#": "0",
                            "storage_image_reference.#": "1",
                            "storage_image_reference.1458860473.id": "",
                            "storage_image_reference.1458860473.offer": "UbuntuServer",
                            "storage_image_reference.1458860473.publisher": "Canonical",
                            "storage_image_reference.1458860473.sku": "16.04-LTS",
                            "storage_image_reference.1458860473.version": "latest",
                            "storage_os_disk.#": "1",
                            "storage_os_disk.0.caching": "ReadWrite",
                            "storage_os_disk.0.create_option": "FromImage",
                            "storage_os_disk.0.disk_size_gb": "30",
                            "storage_os_disk.0.image_uri": "",
                            "storage_os_disk.0.managed_disk_id": "/subscriptions/407d2676-885d-4f88-97df-f20560776338/resourceGroups/uba-notify-test-rg/providers/Microsoft.Compute/disks/gnatsd01disk",
                            "storage_os_disk.0.managed_disk_type": "Standard_LRS",
                            "storage_os_disk.0.name": "gnatsd01disk",
                            "storage_os_disk.0.os_type": "Linux",
                            "storage_os_disk.0.vhd_uri": "",
                            "storage_os_disk.0.write_accelerator_enabled": "false",
                            "tags.%": "1",
                            "tags.environment": "test",
                            "vm_size": "Standard_F2s_v2",
                            "zones.#": "0"
                        },
                        "meta": {},
                        "tainted": true
                    },
                    "deposed": [],
                    "provider": "provider.azurerm"
                },
                "azurerm_virtual_network.vnet": {
                    "type": "azurerm_virtual_network",
                    "depends_on": [
                        "azurerm_resource_group.test_rg"
                    ],
                    "primary": {
                        "id": "/subscriptions/407d2676-885d-4f88-97df-f20560776338/resourceGroups/uba-notify-test-rg/providers/Microsoft.Network/virtualNetworks/uba-network",
                        "attributes": {
                            "address_space.#": "1",
                            "address_space.0": "10.0.0.0/16",
                            "dns_servers.#": "0",
                            "id": "/subscriptions/407d2676-885d-4f88-97df-f20560776338/resourceGroups/uba-notify-test-rg/providers/Microsoft.Network/virtualNetworks/uba-network",
                            "location": "uksouth",
                            "name": "uba-network",
                            "resource_group_name": "uba-notify-test-rg",
                            "subnet.#": "0",
                            "tags.%": "0"
                        },
                        "meta": {},
                        "tainted": false
                    },
                    "deposed": [],
                    "provider": "provider.azurerm"
                }
            },
            "depends_on": []
        }
    ]
}
