{
    "version": 3,
    "terraform_version": "0.11.8",
    "serial": 34,
    "lineage": "275a5302-d984-0da6-6e26-baa47d920464",
    "modules": [
        {
            "path": [
                "root"
            ],
            "outputs": {
                "nats_server_ip_address": {
                    "sensitive": false,
                    "type": "string",
                    "value": ""
                },
                "nats_server_name": {
                    "sensitive": false,
                    "type": "string",
                    "value": "gnatsd01.uksouth.cloudapp.azure.com:4222"
                }
            },
            "resources": {
                "azurerm_container_registry.k8s_registry": {
                    "type": "azurerm_container_registry",
                    "depends_on": [
                        "azurerm_resource_group.test_rg",
                        "azurerm_storage_account.k8s_registry_storage"
                    ],
                    "primary": {
                        "id": "/subscriptions/407d2676-885d-4f88-97df-f20560776338/resourceGroups/uba-notify-test-rg/providers/Microsoft.ContainerRegistry/registries/ubaacr",
                        "attributes": {
                            "admin_enabled": "true",
                            "admin_password": "MBNXMiT8hNt1c4N9aV14A70piA=F20WL",
                            "admin_username": "ubaacr",
                            "id": "/subscriptions/407d2676-885d-4f88-97df-f20560776338/resourceGroups/uba-notify-test-rg/providers/Microsoft.ContainerRegistry/registries/ubaacr",
                            "location": "uksouth",
                            "login_server": "ubaacr.azurecr.io",
                            "name": "ubaacr",
                            "resource_group_name": "uba-notify-test-rg",
                            "sku": "Classic",
                            "storage_account_id": "/subscriptions/407d2676-885d-4f88-97df-f20560776338/resourceGroups/uba-notify-test-rg/providers/Microsoft.Storage/storageAccounts/ubaacrstorage",
                            "tags.%": "0"
                        },
                        "meta": {
                            "schema_version": "2"
                        },
                        "tainted": false
                    },
                    "deposed": [],
                    "provider": "provider.azurerm"
                },
                "azurerm_network_interface.nic": {
                    "type": "azurerm_network_interface",
                    "depends_on": [
                        "azurerm_network_security_group.gnatsd_sg",
                        "azurerm_public_ip.gnatsd_public_ip",
                        "azurerm_resource_group.test_rg",
                        "azurerm_subnet.internal_subnet"
                    ],
                    "primary": {
                        "id": "/subscriptions/407d2676-885d-4f88-97df-f20560776338/resourceGroups/uba-notify-test-rg/providers/Microsoft.Network/networkInterfaces/uba-nic",
                        "attributes": {
                            "applied_dns_servers.#": "0",
                            "dns_servers.#": "0",
                            "enable_accelerated_networking": "false",
                            "enable_ip_forwarding": "false",
                            "id": "/subscriptions/407d2676-885d-4f88-97df-f20560776338/resourceGroups/uba-notify-test-rg/providers/Microsoft.Network/networkInterfaces/uba-nic",
                            "internal_dns_name_label": "",
                            "internal_fqdn": "",
                            "ip_configuration.#": "1",
                            "ip_configuration.0.application_gateway_backend_address_pools_ids.#": "0",
                            "ip_configuration.0.application_security_group_ids.#": "0",
                            "ip_configuration.0.load_balancer_backend_address_pools_ids.#": "0",
                            "ip_configuration.0.load_balancer_inbound_nat_rules_ids.#": "0",
                            "ip_configuration.0.name": "gnatsd_ip_config",
                            "ip_configuration.0.primary": "true",
                            "ip_configuration.0.private_ip_address": "",
                            "ip_configuration.0.private_ip_address_allocation": "dynamic",
                            "ip_configuration.0.public_ip_address_id": "/subscriptions/407d2676-885d-4f88-97df-f20560776338/resourceGroups/uba-notify-test-rg/providers/Microsoft.Network/publicIPAddresses/gnatsd-public-ip",
                            "ip_configuration.0.subnet_id": "/subscriptions/407d2676-885d-4f88-97df-f20560776338/resourceGroups/uba-notify-test-rg/providers/Microsoft.Network/virtualNetworks/uba-network/subnets/uba-internal",
                            "location": "uksouth",
                            "mac_address": "",
                            "name": "uba-nic",
                            "network_security_group_id": "/subscriptions/407d2676-885d-4f88-97df-f20560776338/resourceGroups/uba-notify-test-rg/providers/Microsoft.Network/networkSecurityGroups/uba-gnatsd-sg",
                            "private_ip_address": "10.0.2.4",
                            "private_ip_addresses.#": "1",
                            "private_ip_addresses.0": "10.0.2.4",
                            "resource_group_name": "uba-notify-test-rg",
                            "tags.%": "0"
                        },
                        "meta": {},
                        "tainted": false
                    },
                    "deposed": [],
                    "provider": "provider.azurerm"
                },
                "azurerm_network_security_group.gnatsd_sg": {
                    "type": "azurerm_network_security_group",
                    "depends_on": [
                        "azurerm_resource_group.test_rg"
                    ],
                    "primary": {
                        "id": "/subscriptions/407d2676-885d-4f88-97df-f20560776338/resourceGroups/uba-notify-test-rg/providers/Microsoft.Network/networkSecurityGroups/uba-gnatsd-sg",
                        "attributes": {
                            "id": "/subscriptions/407d2676-885d-4f88-97df-f20560776338/resourceGroups/uba-notify-test-rg/providers/Microsoft.Network/networkSecurityGroups/uba-gnatsd-sg",
                            "location": "uksouth",
                            "name": "uba-gnatsd-sg",
                            "resource_group_name": "uba-notify-test-rg",
                            "security_rule.#": "2",
                            "security_rule.1055992357.access": "Allow",
                            "security_rule.1055992357.description": "",
                            "security_rule.1055992357.destination_address_prefix": "*",
                            "security_rule.1055992357.destination_address_prefixes.#": "0",
                            "security_rule.1055992357.destination_application_security_group_ids.#": "0",
                            "security_rule.1055992357.destination_port_range": "22",
                            "security_rule.1055992357.destination_port_ranges.#": "0",
                            "security_rule.1055992357.direction": "Inbound",
                            "security_rule.1055992357.name": "allow_ssh_connections",
                            "security_rule.1055992357.priority": "102",
                            "security_rule.1055992357.protocol": "Tcp",
                            "security_rule.1055992357.source_address_prefix": "*",
                            "security_rule.1055992357.source_address_prefixes.#": "0",
                            "security_rule.1055992357.source_application_security_group_ids.#": "0",
                            "security_rule.1055992357.source_port_range": "*",
                            "security_rule.1055992357.source_port_ranges.#": "0",
                            "security_rule.2847976686.access": "Allow",
                            "security_rule.2847976686.description": "",
                            "security_rule.2847976686.destination_address_prefix": "*",
                            "security_rule.2847976686.destination_address_prefixes.#": "0",
                            "security_rule.2847976686.destination_application_security_group_ids.#": "0",
                            "security_rule.2847976686.destination_port_range": "",
                            "security_rule.2847976686.destination_port_ranges.#": "4",
                            "security_rule.2847976686.destination_port_ranges.1548059877": "4222",
                            "security_rule.2847976686.destination_port_ranges.169812835": "4242",
                            "security_rule.2847976686.destination_port_ranges.378747741": "8222",
                            "security_rule.2847976686.destination_port_ranges.4132195438": "6222",
                            "security_rule.2847976686.direction": "Inbound",
                            "security_rule.2847976686.name": "allow_gnatsd_connections",
                            "security_rule.2847976686.priority": "101",
                            "security_rule.2847976686.protocol": "Tcp",
                            "security_rule.2847976686.source_address_prefix": "*",
                            "security_rule.2847976686.source_address_prefixes.#": "0",
                            "security_rule.2847976686.source_application_security_group_ids.#": "0",
                            "security_rule.2847976686.source_port_range": "*",
                            "security_rule.2847976686.source_port_ranges.#": "0",
                            "tags.%": "1",
                            "tags.environment": "test"
                        },
                        "meta": {},
                        "tainted": false
                    },
                    "deposed": [],
                    "provider": "provider.azurerm"
                },
                "azurerm_public_ip.gnatsd_public_ip": {
                    "type": "azurerm_public_ip",
                    "depends_on": [
                        "azurerm_resource_group.test_rg"
                    ],
                    "primary": {
                        "id": "/subscriptions/407d2676-885d-4f88-97df-f20560776338/resourceGroups/uba-notify-test-rg/providers/Microsoft.Network/publicIPAddresses/gnatsd-public-ip",
                        "attributes": {
                            "domain_name_label": "gnatsd01",
                            "fqdn": "gnatsd01.uksouth.cloudapp.azure.com",
                            "id": "/subscriptions/407d2676-885d-4f88-97df-f20560776338/resourceGroups/uba-notify-test-rg/providers/Microsoft.Network/publicIPAddresses/gnatsd-public-ip",
                            "idle_timeout_in_minutes": "4",
                            "ip_address": "",
                            "ip_version": "ipv4",
                            "location": "uksouth",
                            "name": "gnatsd-public-ip",
                            "public_ip_address_allocation": "dynamic",
                            "resource_group_name": "uba-notify-test-rg",
                            "sku": "Basic",
                            "tags.%": "1",
                            "tags.environment": "test",
                            "zones.#": "0"
                        },
                        "meta": {},
                        "tainted": false
                    },
                    "deposed": [],
                    "provider": "provider.azurerm"
                },
                "azurerm_resource_group.test_rg": {
                    "type": "azurerm_resource_group",
                    "depends_on": [],
                    "primary": {
                        "id": "/subscriptions/407d2676-885d-4f88-97df-f20560776338/resourceGroups/uba-notify-test-rg",
                        "attributes": {
                            "id": "/subscriptions/407d2676-885d-4f88-97df-f20560776338/resourceGroups/uba-notify-test-rg",
                            "location": "uksouth",
                            "name": "uba-notify-test-rg",
                            "tags.%": "0"
                        },
                        "meta": {},
                        "tainted": false
                    },
                    "deposed": [],
                    "provider": "provider.azurerm"
                },
                "azurerm_storage_account.k8s_registry_storage": {
                    "type": "azurerm_storage_account",
                    "depends_on": [
                        "azurerm_resource_group.test_rg"
                    ],
                    "primary": {
                        "id": "/subscriptions/407d2676-885d-4f88-97df-f20560776338/resourceGroups/uba-notify-test-rg/providers/Microsoft.Storage/storageAccounts/ubaacrstorage",
                        "attributes": {
                            "access_tier": "",
                            "account_encryption_source": "Microsoft.Storage",
                            "account_kind": "Storage",
                            "account_replication_type": "GRS",
                            "account_tier": "Standard",
                            "account_type": "Standard_GRS",
                            "enable_blob_encryption": "true",
                            "enable_file_encryption": "true",
                            "enable_https_traffic_only": "false",
                            "id": "/subscriptions/407d2676-885d-4f88-97df-f20560776338/resourceGroups/uba-notify-test-rg/providers/Microsoft.Storage/storageAccounts/ubaacrstorage",
                            "identity.#": "0",
                            "location": "uksouth",
                            "name": "ubaacrstorage",
                            "network_rules.#": "0",
                            "primary_access_key": "7QmXjJQqi0ap+egdv4100iPyc/hC/25L/VxjZaKDOoltZnzStubcSFK9N3KrwOpQxooGTU9opeacrjhb1eg0EQ==",
                            "primary_blob_connection_string": "DefaultEndpointsProtocol=https;BlobEndpoint=https://ubaacrstorage.blob.core.windows.net/;AccountName=ubaacrstorage;AccountKey=7QmXjJQqi0ap+egdv4100iPyc/hC/25L/VxjZaKDOoltZnzStubcSFK9N3KrwOpQxooGTU9opeacrjhb1eg0EQ==",
                            "primary_blob_endpoint": "https://ubaacrstorage.blob.core.windows.net/",
                            "primary_connection_string": "DefaultEndpointsProtocol=https;AccountName=ubaacrstorage;AccountKey=7QmXjJQqi0ap+egdv4100iPyc/hC/25L/VxjZaKDOoltZnzStubcSFK9N3KrwOpQxooGTU9opeacrjhb1eg0EQ==;EndpointSuffix=core.windows.net",
                            "primary_file_endpoint": "https://ubaacrstorage.file.core.windows.net/",
                            "primary_location": "uksouth",
                            "primary_queue_endpoint": "https://ubaacrstorage.queue.core.windows.net/",
                            "primary_table_endpoint": "https://ubaacrstorage.table.core.windows.net/",
                            "resource_group_name": "uba-notify-test-rg",
                            "secondary_access_key": "sghZW6NsXBAb5Ny7s+lBRcOS/0qHHRH0VncQbZ4URTDubjJZmK03lCFIELyYE+/7HOwsrDH/qpemS4AlIczLUA==",
                            "secondary_connection_string": "DefaultEndpointsProtocol=https;AccountName=ubaacrstorage;AccountKey=sghZW6NsXBAb5Ny7s+lBRcOS/0qHHRH0VncQbZ4URTDubjJZmK03lCFIELyYE+/7HOwsrDH/qpemS4AlIczLUA==;EndpointSuffix=core.windows.net",
                            "secondary_location": "ukwest",
                            "tags.%": "0"
                        },
                        "meta": {
                            "schema_version": "2"
                        },
                        "tainted": false
                    },
                    "deposed": [],
                    "provider": "provider.azurerm"
                },
                "azurerm_subnet.internal_subnet": {
                    "type": "azurerm_subnet",
                    "depends_on": [
                        "azurerm_resource_group.test_rg",
                        "azurerm_virtual_network.vnet"
                    ],
                    "primary": {
                        "id": "/subscriptions/407d2676-885d-4f88-97df-f20560776338/resourceGroups/uba-notify-test-rg/providers/Microsoft.Network/virtualNetworks/uba-network/subnets/uba-internal",
                        "attributes": {
                            "address_prefix": "10.0.2.0/24",
                            "id": "/subscriptions/407d2676-885d-4f88-97df-f20560776338/resourceGroups/uba-notify-test-rg/providers/Microsoft.Network/virtualNetworks/uba-network/subnets/uba-internal",
                            "ip_configurations.#": "0",
                            "name": "uba-internal",
                            "resource_group_name": "uba-notify-test-rg",
                            "route_table_id": "",
                            "service_endpoints.#": "0",
                            "virtual_network_name": "uba-network"
                        },
                        "meta": {},
                        "tainted": false
                    },
                    "deposed": [],
                    "provider": "provider.azurerm"
                },
                "azurerm_virtual_network.vnet": {
                    "type": "azurerm_virtual_network",
                    "depends_on": [
                        "azurerm_resource_group.test_rg"
                    ],
                    "primary": {
                        "id": "/subscriptions/407d2676-885d-4f88-97df-f20560776338/resourceGroups/uba-notify-test-rg/providers/Microsoft.Network/virtualNetworks/uba-network",
                        "attributes": {
                            "address_space.#": "1",
                            "address_space.0": "10.0.0.0/16",
                            "dns_servers.#": "0",
                            "id": "/subscriptions/407d2676-885d-4f88-97df-f20560776338/resourceGroups/uba-notify-test-rg/providers/Microsoft.Network/virtualNetworks/uba-network",
                            "location": "uksouth",
                            "name": "uba-network",
                            "resource_group_name": "uba-notify-test-rg",
                            "subnet.#": "0",
                            "tags.%": "0"
                        },
                        "meta": {},
                        "tainted": false
                    },
                    "deposed": [],
                    "provider": "provider.azurerm"
                }
            },
            "depends_on": []
        }
    ]
}
